PODS:
  - CocoaAsyncSocket (7.6.3)

DEPENDENCIES:
  - CocoaAsyncSocket (~> 7.6.3)

SPEC REPOS:
  https://github.com/CocoaPods/Specs.git:
    - CocoaAsyncSocket

SPEC CHECKSUMS:
  CocoaAsyncSocket: eafaa68a7e0ec99ead0a7b35015e0bf25d2c8987

PODFILE CHECKSUM: a57856cab13b8b96af67d54cb31d3b6cad697f55

COCOAPODS: 1.5.0
