// !$*UTF8*$!
{
	archiveVersion = 1;
	classes = {
	};
	objectVersion = 50;
	objects = {

/* Begin PBXBuildFile section */
		7AA0E61321034878009E2600 /* AppDelegate.m in Sources */ = {isa = PBXBuildFile; fileRef = 7AA0E61221034878009E2600 /* AppDelegate.m */; };
		7AA0E61621034878009E2600 /* ViewController.m in Sources */ = {isa = PBXBuildFile; fileRef = 7AA0E61521034878009E2600 /* ViewController.m */; };
		7AA0E61921034878009E2600 /* Main.storyboard in Resources */ = {isa = PBXBuildFile; fileRef = 7AA0E61721034878009E2600 /* Main.storyboard */; };
		7AA0E61B21034881009E2600 /* Assets.xcassets in Resources */ = {isa = PBXBuildFile; fileRef = 7AA0E61A21034881009E2600 /* Assets.xcassets */; };
		7AA0E61E21034881009E2600 /* LaunchScreen.storyboard in Resources */ = {isa = PBXBuildFile; fileRef = 7AA0E61C21034881009E2600 /* LaunchScreen.storyboard */; };
		7AA0E62121034881009E2600 /* main.m in Sources */ = {isa = PBXBuildFile; fileRef = 7AA0E62021034881009E2600 /* main.m */; };
/* End PBXBuildFile section */

/* Begin PBXFileReference section */
		7AA0E60E21034878009E2600 /* 001---Socket初体验.app */ = {isa = PBXFileReference; explicitFileType = wrapper.application; includeInIndex = 0; path = "001---Socket初体验.app"; sourceTree = BUILT_PRODUCTS_DIR; };
		7AA0E61121034878009E2600 /* AppDelegate.h */ = {isa = PBXFileReference; lastKnownFileType = sourcecode.c.h; path = AppDelegate.h; sourceTree = "<group>"; };
		7AA0E61221034878009E2600 /* AppDelegate.m */ = {isa = PBXFileReference; lastKnownFileType = sourcecode.c.objc; path = AppDelegate.m; sourceTree = "<group>"; };
		7AA0E61421034878009E2600 /* ViewController.h */ = {isa = PBXFileReference; lastKnownFileType = sourcecode.c.h; path = ViewController.h; sourceTree = "<group>"; };
		7AA0E61521034878009E2600 /* ViewController.m */ = {isa = PBXFileReference; lastKnownFileType = sourcecode.c.objc; path = ViewController.m; sourceTree = "<group>"; };
		7AA0E61821034878009E2600 /* Base */ = {isa = PBXFileReference; lastKnownFileType = file.storyboard; name = Base; path = Base.lproj/Main.storyboard; sourceTree = "<group>"; };
		7AA0E61A21034881009E2600 /* Assets.xcassets */ = {isa = PBXFileReference; lastKnownFileType = folder.assetcatalog; path = Assets.xcassets; sourceTree = "<group>"; };
		7AA0E61D21034881009E2600 /* Base */ = {isa = PBXFileReference; lastKnownFileType = file.storyboard; name = Base; path = Base.lproj/LaunchScreen.storyboard; sourceTree = "<group>"; };
		7AA0E61F21034881009E2600 /* Info.plist */ = {isa = PBXFileReference; lastKnownFileType = text.plist.xml; path = Info.plist; sourceTree = "<group>"; };
		7AA0E62021034881009E2600 /* main.m */ = {isa = PBXFileReference; lastKnownFileType = sourcecode.c.objc; path = main.m; sourceTree = "<group>"; };
/* End PBXFileReference section */

/* Begin PBXFrameworksBuildPhase section */
		7AA0E60B21034877009E2600 /* Frameworks */ = {
			isa = PBXFrameworksBuildPhase;
			buildActionMask = 2147483647;
			files = (
			);
			runOnlyForDeploymentPostprocessing = 0;
		};
/* End PBXFrameworksBuildPhase section */

/* Begin PBXGroup section */
		7AA0E60521034877009E2600 = {
			isa = PBXGroup;
			children = (
				7AA0E61021034878009E2600 /* 001---Socket初体验 */,
				7AA0E60F21034878009E2600 /* Products */,
			);
			sourceTree = "<group>";
		};
		7AA0E60F21034878009E2600 /* Products */ = {
			isa = PBXGroup;
			children = (
				7AA0E60E21034878009E2600 /* 001---Socket初体验.app */,
			);
			name = Products;
			sourceTree = "<group>";
		};
		7AA0E61021034878009E2600 /* 001---Socket初体验 */ = {
			isa = PBXGroup;
			children = (
				7AA0E61121034878009E2600 /* AppDelegate.h */,
				7AA0E61221034878009E2600 /* AppDelegate.m */,
				7AA0E61421034878009E2600 /* ViewController.h */,
				7AA0E61521034878009E2600 /* ViewController.m */,
				7AA0E61721034878009E2600 /* Main.storyboard */,
				7AA0E61A21034881009E2600 /* Assets.xcassets */,
				7AA0E61C21034881009E2600 /* LaunchScreen.storyboard */,
				7AA0E61F21034881009E2600 /* Info.plist */,
				7AA0E62021034881009E2600 /* main.m */,
			);
			path = "001---Socket初体验";
			sourceTree = "<group>";
		};
/* End PBXGroup section */

/* Begin PBXNativeTarget section */
		7AA0E60D21034877009E2600 /* 001---Socket初体验 */ = {
			isa = PBXNativeTarget;
			buildConfigurationList = 7AA0E62421034881009E2600 /* Build configuration list for PBXNativeTarget "001---Socket初体验" */;
			buildPhases = (
				7AA0E60A21034877009E2600 /* Sources */,
				7AA0E60B21034877009E2600 /* Frameworks */,
				7AA0E60C21034877009E2600 /* Resources */,
			);
			buildRules = (
			);
			dependencies = (
			);
			name = "001---Socket初体验";
			productName = "001---Socket初体验";
			productReference = 7AA0E60E21034878009E2600 /* 001---Socket初体验.app */;
			productType = "com.apple.product-type.application";
		};
/* End PBXNativeTarget section */

/* Begin PBXProject section */
		7AA0E60621034877009E2600 /* Project object */ = {
			isa = PBXProject;
			attributes = {
				LastUpgradeCheck = 0940;
				ORGANIZATIONNAME = Cooci;
				TargetAttributes = {
					7AA0E60D21034877009E2600 = {
						CreatedOnToolsVersion = 9.4.1;
					};
				};
			};
			buildConfigurationList = 7AA0E60921034877009E2600 /* Build configuration list for PBXProject "001---Socket初体验" */;
			compatibilityVersion = "Xcode 9.3";
			developmentRegion = en;
			hasScannedForEncodings = 0;
			knownRegions = (
				en,
				Base,
			);
			mainGroup = 7AA0E60521034877009E2600;
			productRefGroup = 7AA0E60F21034878009E2600 /* Products */;
			projectDirPath = "";
			projectRoot = "";
			targets = (
				7AA0E60D21034877009E2600 /* 001---Socket初体验 */,
			);
		};
/* End PBXProject section */

/* Begin PBXResourcesBuildPhase section */
		7AA0E60C21034877009E2600 /* Resources */ = {
			isa = PBXResourcesBuildPhase;
			buildActionMask = 2147483647;
			files = (
				7AA0E61E21034881009E2600 /* LaunchScreen.storyboard in Resources */,
				7AA0E61B21034881009E2600 /* Assets.xcassets in Resources */,
				7AA0E61921034878009E2600 /* Main.storyboard in Resources */,
			);
			runOnlyForDeploymentPostprocessing = 0;
		};
/* End PBXResourcesBuildPhase section */

/* Begin PBXSourcesBuildPhase section */
		7AA0E60A21034877009E2600 /* Sources */ = {
			isa = PBXSourcesBuildPhase;
			buildActionMask = 2147483647;
			files = (
				7AA0E61621034878009E2600 /* ViewController.m in Sources */,
				7AA0E62121034881009E2600 /* main.m in Sources */,
				7AA0E61321034878009E2600 /* AppDelegate.m in Sources */,
			);
			runOnlyForDeploymentPostprocessing = 0;
		};
/* End PBXSourcesBuildPhase section */

/* Begin PBXVariantGroup section */
		7AA0E61721034878009E2600 /* Main.storyboard */ = {
			isa = PBXVariantGroup;
			children = (
				7AA0E61821034878009E2600 /* Base */,
			);
			name = Main.storyboard;
			sourceTree = "<group>";
		};
		7AA0E61C21034881009E2600 /* LaunchScreen.storyboard */ = {
			isa = PBXVariantGroup;
			children = (
				7AA0E61D21034881009E2600 /* Base */,
			);
			name = LaunchScreen.storyboard;
			sourceTree = "<group>";
		};
/* End PBXVariantGroup section */

/* Begin XCBuildConfiguration section */
		7AA0E62221034881009E2600 /* Debug */ = {
			isa = XCBuildConfiguration;
			buildSettings = {
				ALWAYS_SEARCH_USER_PATHS = NO;
				CLANG_ANALYZER_NONNULL = YES;
				CLANG_ANALYZER_NUMBER_OBJECT_CONVERSION = YES_AGGRESSIVE;
				CLANG_CXX_LANGUAGE_STANDARD = "gnu++14";
				CLANG_CXX_LIBRARY = "libc++";
				CLANG_ENABLE_MODULES = YES;
				CLANG_ENABLE_OBJC_ARC = YES;
				CLANG_ENABLE_OBJC_WEAK = YES;
				CLANG_WARN_BLOCK_CAPTURE_AUTORELEASING = YES;
				CLANG_WARN_BOOL_CONVERSION = YES;
				CLANG_WARN_COMMA = YES;
				CLANG_WARN_CONSTANT_CONVERSION = YES;
				CLANG_WARN_DEPRECATED_OBJC_IMPLEMENTATIONS = YES;
				CLANG_WARN_DIRECT_OBJC_ISA_USAGE = YES_ERROR;
				CLANG_WARN_DOCUMENTATION_COMMENTS = YES;
				CLANG_WARN_EMPTY_BODY = YES;
				CLANG_WARN_ENUM_CONVERSION = YES;
				CLANG_WARN_INFINITE_RECURSION = YES;
				CLANG_WARN_INT_CONVERSION = YES;
				CLANG_WARN_NON_LITERAL_NULL_CONVERSION = YES;
				CLANG_WARN_OBJC_IMPLICIT_RETAIN_SELF = YES;
				CLANG_WARN_OBJC_LITERAL_CONVERSION = YES;
				CLANG_WARN_OBJC_ROOT_CLASS = YES_ERROR;
				CLANG_WARN_RANGE_LOOP_ANALYSIS = YES;
				CLANG_WARN_STRICT_PROTOTYPES = YES;
				CLANG_WARN_SUSPICIOUS_MOVE = YES;
				CLANG_WARN_UNGUARDED_AVAILABILITY = YES_AGGRESSIVE;
				CLANG_WARN_UNREACHABLE_CODE = YES;
				CLANG_WARN__DUPLICATE_METHOD_MATCH = YES;
				CODE_SIGN_IDENTITY = "iPhone Developer";
				COPY_PHASE_STRIP = NO;
				DEBUG_INFORMATION_FORMAT = dwarf;
				ENABLE_STRICT_OBJC_MSGSEND = YES;
				ENABLE_TESTABILITY = YES;
				GCC_C_LANGUAGE_STANDARD = gnu11;
				GCC_DYNAMIC_NO_PIC = NO;
				GCC_NO_COMMON_BLOCKS = YES;
				GCC_OPTIMIZATION_LEVEL = 0;
				GCC_PREPROCESSOR_DEFINITIONS = (
					"DEBUG=1",
					"$(inherited)",
				);
				GCC_WARN_64_TO_32_BIT_CONVERSION = YES;
				GCC_WARN_ABOUT_RETURN_TYPE = YES_ERROR;
				GCC_WARN_UNDECLARED_SELECTOR = YES;
				GCC_WARN_UNINITIALIZED_AUTOS = YES_AGGRESSIVE;
				GCC_WARN_UNUSED_FUNCTION = YES;
				GCC_WARN_UNUSED_VARIABLE = YES;
				IPHONEOS_DEPLOYMENT_TARGET = 11.4;
				MTL_ENABLE_DEBUG_INFO = YES;
				ONLY_ACTIVE_ARCH = YES;
				SDKROOT = iphoneos;
			};
			name = Debug;
		};
		7AA0E62321034881009E2600 /* Release */ = {
			isa = XCBuildConfiguration;
			buildSettings = {
				ALWAYS_SEARCH_USER_PATHS = NO;
				CLANG_ANALYZER_NONNULL = YES;
				CLANG_ANALYZER_NUMBER_OBJECT_CONVERSION = YES_AGGRESSIVE;
				CLANG_CXX_LANGUAGE_STANDARD = "gnu++14";
				CLANG_CXX_LIBRARY = "libc++";
				CLANG_ENABLE_MODULES = YES;
				CLANG_ENABLE_OBJC_ARC = YES;
				CLANG_ENABLE_OBJC_WEAK = YES;
				CLANG_WARN_BLOCK_CAPTURE_AUTORELEASING = YES;
				CLANG_WARN_BOOL_CONVERSION = YES;
				CLANG_WARN_COMMA = YES;
				CLANG_WARN_CONSTANT_CONVERSION = YES;
				CLANG_WARN_DEPRECATED_OBJC_IMPLEMENTATIONS = YES;
				CLANG_WARN_DIRECT_OBJC_ISA_USAGE = YES_ERROR;
				CLANG_WARN_DOCUMENTATION_COMMENTS = YES;
				CLANG_WARN_EMPTY_BODY = YES;
				CLANG_WARN_ENUM_CONVERSION = YES;
				CLANG_WARN_INFINITE_RECURSION = YES;
				CLANG_WARN_INT_CONVERSION = YES;
				CLANG_WARN_NON_LITERAL_NULL_CONVERSION = YES;
				CLANG_WARN_OBJC_IMPLICIT_RETAIN_SELF = YES;
				CLANG_WARN_OBJC_LITERAL_CONVERSION = YES;
				CLANG_WARN_OBJC_ROOT_CLASS = YES_ERROR;
				CLANG_WARN_RANGE_LOOP_ANALYSIS = YES;
				CLANG_WARN_STRICT_PROTOTYPES = YES;
				CLANG_WARN_SUSPICIOUS_MOVE = YES;
				CLANG_WARN_UNGUARDED_AVAILABILITY = YES_AGGRESSIVE;
				CLANG_WARN_UNREACHABLE_CODE = YES;
				CLANG_WARN__DUPLICATE_METHOD_MATCH = YES;
				CODE_SIGN_IDENTITY = "iPhone Developer";
				COPY_PHASE_STRIP = NO;
				DEBUG_INFORMATION_FORMAT = "dwarf-with-dsym";
				ENABLE_NS_ASSERTIONS = NO;
				ENABLE_STRICT_OBJC_MSGSEND = YES;
				GCC_C_LANGUAGE_STANDARD = gnu11;
				GCC_NO_COMMON_BLOCKS = YES;
				GCC_WARN_64_TO_32_BIT_CONVERSION = YES;
				GCC_WARN_ABOUT_RETURN_TYPE = YES_ERROR;
				GCC_WARN_UNDECLARED_SELECTOR = YES;
				GCC_WARN_UNINITIALIZED_AUTOS = YES_AGGRESSIVE;
				GCC_WARN_UNUSED_FUNCTION = YES;
				GCC_WARN_UNUSED_VARIABLE = YES;
				IPHONEOS_DEPLOYMENT_TARGET = 11.4;
				MTL_ENABLE_DEBUG_INFO = NO;
				SDKROOT = iphoneos;
				VALIDATE_PRODUCT = YES;
			};
			name = Release;
		};
		7AA0E62521034881009E2600 /* Debug */ = {
			isa = XCBuildConfiguration;
			buildSettings = {
				ASSETCATALOG_COMPILER_APPICON_NAME = AppIcon;
				CODE_SIGN_STYLE = Automatic;
				DEVELOPMENT_TEAM = Q8B5XV6KJQ;
				INFOPLIST_FILE = "001---Socket初体验/Info.plist";
				LD_RUNPATH_SEARCH_PATHS = (
					"$(inherited)",
					"@executable_path/Frameworks",
				);
				PRODUCT_BUNDLE_IDENTIFIER = com.lgcooci.cn;
				PRODUCT_NAME = "$(TARGET_NAME)";
				TARGETED_DEVICE_FAMILY = "1,2";
			};
			name = Debug;
		};
		7AA0E62621034881009E2600 /* Release */ = {
			isa = XCBuildConfiguration;
			buildSettings = {
				ASSETCATALOG_COMPILER_APPICON_NAME = AppIcon;
				CODE_SIGN_STYLE = Automatic;
				DEVELOPMENT_TEAM = Q8B5XV6KJQ;
				INFOPLIST_FILE = "001---Socket初体验/Info.plist";
				LD_RUNPATH_SEARCH_PATHS = (
					"$(inherited)",
					"@executable_path/Frameworks",
				);
				PRODUCT_BUNDLE_IDENTIFIER = com.lgcooci.cn;
				PRODUCT_NAME = "$(TARGET_NAME)";
				TARGETED_DEVICE_FAMILY = "1,2";
			};
			name = Release;
		};
/* End XCBuildConfiguration section */

/* Begin XCConfigurationList section */
		7AA0E60921034877009E2600 /* Build configuration list for PBXProject "001---Socket初体验" */ = {
			isa = XCConfigurationList;
			buildConfigurations = (
				7AA0E62221034881009E2600 /* Debug */,
				7AA0E62321034881009E2600 /* Release */,
			);
			defaultConfigurationIsVisible = 0;
			defaultConfigurationName = Release;
		};
		7AA0E62421034881009E2600 /* Build configuration list for PBXNativeTarget "001---Socket初体验" */ = {
			isa = XCConfigurationList;
			buildConfigurations = (
				7AA0E62521034881009E2600 /* Debug */,
				7AA0E62621034881009E2600 /* Release */,
			);
			defaultConfigurationIsVisible = 0;
			defaultConfigurationName = Release;
		};
/* End XCConfigurationList section */
	};
	rootObject = 7AA0E60621034877009E2600 /* Project object */;
}
