// !$*UTF8*$!
{
	archiveVersion = 1;
	classes = {
	};
	objectVersion = 50;
	objects = {

/* Begin PBXBuildFile section */
		0D9B14A6571C2C79DE9D13B5 /* libPods-003---粘包拆包.a in Frameworks */ = {isa = PBXBuildFile; fileRef = DEAE83AA82ACD189CDAD15BE /* libPods-003---粘包拆包.a */; };
		7A9A72432118788200FFE2B0 /* AppDelegate.m in Sources */ = {isa = PBXBuildFile; fileRef = 7A9A72422118788200FFE2B0 /* AppDelegate.m */; };
		7A9A72462118788200FFE2B0 /* ViewController.m in Sources */ = {isa = PBXBuildFile; fileRef = 7A9A72452118788200FFE2B0 /* ViewController.m */; };
		7A9A72492118788200FFE2B0 /* Main.storyboard in Resources */ = {isa = PBXBuildFile; fileRef = 7A9A72472118788200FFE2B0 /* Main.storyboard */; };
		7A9A724B2118788600FFE2B0 /* Assets.xcassets in Resources */ = {isa = PBXBuildFile; fileRef = 7A9A724A2118788600FFE2B0 /* Assets.xcassets */; };
		7A9A724E2118788600FFE2B0 /* LaunchScreen.storyboard in Resources */ = {isa = PBXBuildFile; fileRef = 7A9A724C2118788600FFE2B0 /* LaunchScreen.storyboard */; };
		7A9A72512118788600FFE2B0 /* main.m in Sources */ = {isa = PBXBuildFile; fileRef = 7A9A72502118788600FFE2B0 /* main.m */; };
		7A9A729E21189A2700FFE2B0 /* q1.mp4 in Resources */ = {isa = PBXBuildFile; fileRef = 7A9A729D21189A2700FFE2B0 /* q1.mp4 */; };
/* End PBXBuildFile section */

/* Begin PBXFileReference section */
		7A9A723E2118788200FFE2B0 /* 003---粘包拆包.app */ = {isa = PBXFileReference; explicitFileType = wrapper.application; includeInIndex = 0; path = "003---粘包拆包.app"; sourceTree = BUILT_PRODUCTS_DIR; };
		7A9A72412118788200FFE2B0 /* AppDelegate.h */ = {isa = PBXFileReference; lastKnownFileType = sourcecode.c.h; path = AppDelegate.h; sourceTree = "<group>"; };
		7A9A72422118788200FFE2B0 /* AppDelegate.m */ = {isa = PBXFileReference; lastKnownFileType = sourcecode.c.objc; path = AppDelegate.m; sourceTree = "<group>"; };
		7A9A72442118788200FFE2B0 /* ViewController.h */ = {isa = PBXFileReference; lastKnownFileType = sourcecode.c.h; path = ViewController.h; sourceTree = "<group>"; };
		7A9A72452118788200FFE2B0 /* ViewController.m */ = {isa = PBXFileReference; lastKnownFileType = sourcecode.c.objc; path = ViewController.m; sourceTree = "<group>"; };
		7A9A72482118788200FFE2B0 /* Base */ = {isa = PBXFileReference; lastKnownFileType = file.storyboard; name = Base; path = Base.lproj/Main.storyboard; sourceTree = "<group>"; };
		7A9A724A2118788600FFE2B0 /* Assets.xcassets */ = {isa = PBXFileReference; lastKnownFileType = folder.assetcatalog; path = Assets.xcassets; sourceTree = "<group>"; };
		7A9A724D2118788600FFE2B0 /* Base */ = {isa = PBXFileReference; lastKnownFileType = file.storyboard; name = Base; path = Base.lproj/LaunchScreen.storyboard; sourceTree = "<group>"; };
		7A9A724F2118788600FFE2B0 /* Info.plist */ = {isa = PBXFileReference; lastKnownFileType = text.plist.xml; path = Info.plist; sourceTree = "<group>"; };
		7A9A72502118788600FFE2B0 /* main.m */ = {isa = PBXFileReference; lastKnownFileType = sourcecode.c.objc; path = main.m; sourceTree = "<group>"; };
		7A9A729D21189A2700FFE2B0 /* q1.mp4 */ = {isa = PBXFileReference; lastKnownFileType = file; path = q1.mp4; sourceTree = "<group>"; };
		AB8DB2F3CF17A4877AB027BC /* Pods-003---粘包拆包.debug.xcconfig */ = {isa = PBXFileReference; includeInIndex = 1; lastKnownFileType = text.xcconfig; name = "Pods-003---粘包拆包.debug.xcconfig"; path = "Pods/Target Support Files/Pods-003---粘包拆包/Pods-003---粘包拆包.debug.xcconfig"; sourceTree = "<group>"; };
		C0521CC189E72F1E4C7DA126 /* Pods-003---粘包拆包.release.xcconfig */ = {isa = PBXFileReference; includeInIndex = 1; lastKnownFileType = text.xcconfig; name = "Pods-003---粘包拆包.release.xcconfig"; path = "Pods/Target Support Files/Pods-003---粘包拆包/Pods-003---粘包拆包.release.xcconfig"; sourceTree = "<group>"; };
		DEAE83AA82ACD189CDAD15BE /* libPods-003---粘包拆包.a */ = {isa = PBXFileReference; explicitFileType = archive.ar; includeInIndex = 0; path = "libPods-003---粘包拆包.a"; sourceTree = BUILT_PRODUCTS_DIR; };
/* End PBXFileReference section */

/* Begin PBXFrameworksBuildPhase section */
		7A9A723B2118788200FFE2B0 /* Frameworks */ = {
			isa = PBXFrameworksBuildPhase;
			buildActionMask = 2147483647;
			files = (
				0D9B14A6571C2C79DE9D13B5 /* libPods-003---粘包拆包.a in Frameworks */,
			);
			runOnlyForDeploymentPostprocessing = 0;
		};
/* End PBXFrameworksBuildPhase section */

/* Begin PBXGroup section */
		4544C49CEAAE2C9F4017F646 /* Frameworks */ = {
			isa = PBXGroup;
			children = (
				DEAE83AA82ACD189CDAD15BE /* libPods-003---粘包拆包.a */,
			);
			name = Frameworks;
			sourceTree = "<group>";
		};
		7A9A72352118788200FFE2B0 = {
			isa = PBXGroup;
			children = (
				7A9A72402118788200FFE2B0 /* 003---粘包拆包 */,
				7A9A723F2118788200FFE2B0 /* Products */,
				C9ED4EE38925C0AB2FB86A2E /* Pods */,
				4544C49CEAAE2C9F4017F646 /* Frameworks */,
			);
			sourceTree = "<group>";
		};
		7A9A723F2118788200FFE2B0 /* Products */ = {
			isa = PBXGroup;
			children = (
				7A9A723E2118788200FFE2B0 /* 003---粘包拆包.app */,
			);
			name = Products;
			sourceTree = "<group>";
		};
		7A9A72402118788200FFE2B0 /* 003---粘包拆包 */ = {
			isa = PBXGroup;
			children = (
				7A9A729D21189A2700FFE2B0 /* q1.mp4 */,
				7A9A72412118788200FFE2B0 /* AppDelegate.h */,
				7A9A72422118788200FFE2B0 /* AppDelegate.m */,
				7A9A72442118788200FFE2B0 /* ViewController.h */,
				7A9A72452118788200FFE2B0 /* ViewController.m */,
				7A9A72472118788200FFE2B0 /* Main.storyboard */,
				7A9A724A2118788600FFE2B0 /* Assets.xcassets */,
				7A9A724C2118788600FFE2B0 /* LaunchScreen.storyboard */,
				7A9A724F2118788600FFE2B0 /* Info.plist */,
				7A9A72502118788600FFE2B0 /* main.m */,
			);
			path = "003---粘包拆包";
			sourceTree = "<group>";
		};
		C9ED4EE38925C0AB2FB86A2E /* Pods */ = {
			isa = PBXGroup;
			children = (
				AB8DB2F3CF17A4877AB027BC /* Pods-003---粘包拆包.debug.xcconfig */,
				C0521CC189E72F1E4C7DA126 /* Pods-003---粘包拆包.release.xcconfig */,
			);
			name = Pods;
			sourceTree = "<group>";
		};
/* End PBXGroup section */

/* Begin PBXNativeTarget section */
		7A9A723D2118788200FFE2B0 /* 003---粘包拆包 */ = {
			isa = PBXNativeTarget;
			buildConfigurationList = 7A9A72542118788600FFE2B0 /* Build configuration list for PBXNativeTarget "003---粘包拆包" */;
			buildPhases = (
				41B67DCD05136AAB09085098 /* [CP] Check Pods Manifest.lock */,
				7A9A723A2118788200FFE2B0 /* Sources */,
				7A9A723B2118788200FFE2B0 /* Frameworks */,
				7A9A723C2118788200FFE2B0 /* Resources */,
			);
			buildRules = (
			);
			dependencies = (
			);
			name = "003---粘包拆包";
			productName = "003---粘包拆包";
			productReference = 7A9A723E2118788200FFE2B0 /* 003---粘包拆包.app */;
			productType = "com.apple.product-type.application";
		};
/* End PBXNativeTarget section */

/* Begin PBXProject section */
		7A9A72362118788200FFE2B0 /* Project object */ = {
			isa = PBXProject;
			attributes = {
				LastUpgradeCheck = 0940;
				ORGANIZATIONNAME = Cooci;
				TargetAttributes = {
					7A9A723D2118788200FFE2B0 = {
						CreatedOnToolsVersion = 9.4.1;
					};
				};
			};
			buildConfigurationList = 7A9A72392118788200FFE2B0 /* Build configuration list for PBXProject "003---粘包拆包" */;
			compatibilityVersion = "Xcode 9.3";
			developmentRegion = en;
			hasScannedForEncodings = 0;
			knownRegions = (
				en,
				Base,
			);
			mainGroup = 7A9A72352118788200FFE2B0;
			productRefGroup = 7A9A723F2118788200FFE2B0 /* Products */;
			projectDirPath = "";
			projectRoot = "";
			targets = (
				7A9A723D2118788200FFE2B0 /* 003---粘包拆包 */,
			);
		};
/* End PBXProject section */

/* Begin PBXResourcesBuildPhase section */
		7A9A723C2118788200FFE2B0 /* Resources */ = {
			isa = PBXResourcesBuildPhase;
			buildActionMask = 2147483647;
			files = (
				7A9A724E2118788600FFE2B0 /* LaunchScreen.storyboard in Resources */,
				7A9A724B2118788600FFE2B0 /* Assets.xcassets in Resources */,
				7A9A72492118788200FFE2B0 /* Main.storyboard in Resources */,
				7A9A729E21189A2700FFE2B0 /* q1.mp4 in Resources */,
			);
			runOnlyForDeploymentPostprocessing = 0;
		};
/* End PBXResourcesBuildPhase section */

/* Begin PBXShellScriptBuildPhase section */
		41B67DCD05136AAB09085098 /* [CP] Check Pods Manifest.lock */ = {
			isa = PBXShellScriptBuildPhase;
			buildActionMask = 2147483647;
			files = (
			);
			inputPaths = (
				"${PODS_PODFILE_DIR_PATH}/Podfile.lock",
				"${PODS_ROOT}/Manifest.lock",
			);
			name = "[CP] Check Pods Manifest.lock";
			outputPaths = (
				"$(DERIVED_FILE_DIR)/Pods-003---粘包拆包-checkManifestLockResult.txt",
			);
			runOnlyForDeploymentPostprocessing = 0;
			shellPath = /bin/sh;
			shellScript = "diff \"${PODS_PODFILE_DIR_PATH}/Podfile.lock\" \"${PODS_ROOT}/Manifest.lock\" > /dev/null\nif [ $? != 0 ] ; then\n    # print error to STDERR\n    echo \"error: The sandbox is not in sync with the Podfile.lock. Run 'pod install' or update your CocoaPods installation.\" >&2\n    exit 1\nfi\n# This output is used by Xcode 'outputs' to avoid re-running this script phase.\necho \"SUCCESS\" > \"${SCRIPT_OUTPUT_FILE_0}\"\n";
			showEnvVarsInLog = 0;
		};
/* End PBXShellScriptBuildPhase section */

/* Begin PBXSourcesBuildPhase section */
		7A9A723A2118788200FFE2B0 /* Sources */ = {
			isa = PBXSourcesBuildPhase;
			buildActionMask = 2147483647;
			files = (
				7A9A72462118788200FFE2B0 /* ViewController.m in Sources */,
				7A9A72512118788600FFE2B0 /* main.m in Sources */,
				7A9A72432118788200FFE2B0 /* AppDelegate.m in Sources */,
			);
			runOnlyForDeploymentPostprocessing = 0;
		};
/* End PBXSourcesBuildPhase section */

/* Begin PBXVariantGroup section */
		7A9A72472118788200FFE2B0 /* Main.storyboard */ = {
			isa = PBXVariantGroup;
			children = (
				7A9A72482118788200FFE2B0 /* Base */,
			);
			name = Main.storyboard;
			sourceTree = "<group>";
		};
		7A9A724C2118788600FFE2B0 /* LaunchScreen.storyboard */ = {
			isa = PBXVariantGroup;
			children = (
				7A9A724D2118788600FFE2B0 /* Base */,
			);
			name = LaunchScreen.storyboard;
			sourceTree = "<group>";
		};
/* End PBXVariantGroup section */

/* Begin XCBuildConfiguration section */
		7A9A72522118788600FFE2B0 /* Debug */ = {
			isa = XCBuildConfiguration;
			buildSettings = {
				ALWAYS_SEARCH_USER_PATHS = NO;
				CLANG_ANALYZER_NONNULL = YES;
				CLANG_ANALYZER_NUMBER_OBJECT_CONVERSION = YES_AGGRESSIVE;
				CLANG_CXX_LANGUAGE_STANDARD = "gnu++14";
				CLANG_CXX_LIBRARY = "libc++";
				CLANG_ENABLE_MODULES = YES;
				CLANG_ENABLE_OBJC_ARC = YES;
				CLANG_ENABLE_OBJC_WEAK = YES;
				CLANG_WARN_BLOCK_CAPTURE_AUTORELEASING = YES;
				CLANG_WARN_BOOL_CONVERSION = YES;
				CLANG_WARN_COMMA = YES;
				CLANG_WARN_CONSTANT_CONVERSION = YES;
				CLANG_WARN_DEPRECATED_OBJC_IMPLEMENTATIONS = YES;
				CLANG_WARN_DIRECT_OBJC_ISA_USAGE = YES_ERROR;
				CLANG_WARN_DOCUMENTATION_COMMENTS = YES;
				CLANG_WARN_EMPTY_BODY = YES;
				CLANG_WARN_ENUM_CONVERSION = YES;
				CLANG_WARN_INFINITE_RECURSION = YES;
				CLANG_WARN_INT_CONVERSION = YES;
				CLANG_WARN_NON_LITERAL_NULL_CONVERSION = YES;
				CLANG_WARN_OBJC_IMPLICIT_RETAIN_SELF = YES;
				CLANG_WARN_OBJC_LITERAL_CONVERSION = YES;
				CLANG_WARN_OBJC_ROOT_CLASS = YES_ERROR;
				CLANG_WARN_RANGE_LOOP_ANALYSIS = YES;
				CLANG_WARN_STRICT_PROTOTYPES = YES;
				CLANG_WARN_SUSPICIOUS_MOVE = YES;
				CLANG_WARN_UNGUARDED_AVAILABILITY = YES_AGGRESSIVE;
				CLANG_WARN_UNREACHABLE_CODE = YES;
				CLANG_WARN__DUPLICATE_METHOD_MATCH = YES;
				CODE_SIGN_IDENTITY = "iPhone Developer";
				COPY_PHASE_STRIP = NO;
				DEBUG_INFORMATION_FORMAT = dwarf;
				ENABLE_STRICT_OBJC_MSGSEND = YES;
				ENABLE_TESTABILITY = YES;
				GCC_C_LANGUAGE_STANDARD = gnu11;
				GCC_DYNAMIC_NO_PIC = NO;
				GCC_NO_COMMON_BLOCKS = YES;
				GCC_OPTIMIZATION_LEVEL = 0;
				GCC_PREPROCESSOR_DEFINITIONS = (
					"DEBUG=1",
					"$(inherited)",
				);
				GCC_WARN_64_TO_32_BIT_CONVERSION = YES;
				GCC_WARN_ABOUT_RETURN_TYPE = YES_ERROR;
				GCC_WARN_UNDECLARED_SELECTOR = YES;
				GCC_WARN_UNINITIALIZED_AUTOS = YES_AGGRESSIVE;
				GCC_WARN_UNUSED_FUNCTION = YES;
				GCC_WARN_UNUSED_VARIABLE = YES;
				IPHONEOS_DEPLOYMENT_TARGET = 11.4;
				MTL_ENABLE_DEBUG_INFO = YES;
				ONLY_ACTIVE_ARCH = YES;
				SDKROOT = iphoneos;
			};
			name = Debug;
		};
		7A9A72532118788600FFE2B0 /* Release */ = {
			isa = XCBuildConfiguration;
			buildSettings = {
				ALWAYS_SEARCH_USER_PATHS = NO;
				CLANG_ANALYZER_NONNULL = YES;
				CLANG_ANALYZER_NUMBER_OBJECT_CONVERSION = YES_AGGRESSIVE;
				CLANG_CXX_LANGUAGE_STANDARD = "gnu++14";
				CLANG_CXX_LIBRARY = "libc++";
				CLANG_ENABLE_MODULES = YES;
				CLANG_ENABLE_OBJC_ARC = YES;
				CLANG_ENABLE_OBJC_WEAK = YES;
				CLANG_WARN_BLOCK_CAPTURE_AUTORELEASING = YES;
				CLANG_WARN_BOOL_CONVERSION = YES;
				CLANG_WARN_COMMA = YES;
				CLANG_WARN_CONSTANT_CONVERSION = YES;
				CLANG_WARN_DEPRECATED_OBJC_IMPLEMENTATIONS = YES;
				CLANG_WARN_DIRECT_OBJC_ISA_USAGE = YES_ERROR;
				CLANG_WARN_DOCUMENTATION_COMMENTS = YES;
				CLANG_WARN_EMPTY_BODY = YES;
				CLANG_WARN_ENUM_CONVERSION = YES;
				CLANG_WARN_INFINITE_RECURSION = YES;
				CLANG_WARN_INT_CONVERSION = YES;
				CLANG_WARN_NON_LITERAL_NULL_CONVERSION = YES;
				CLANG_WARN_OBJC_IMPLICIT_RETAIN_SELF = YES;
				CLANG_WARN_OBJC_LITERAL_CONVERSION = YES;
				CLANG_WARN_OBJC_ROOT_CLASS = YES_ERROR;
				CLANG_WARN_RANGE_LOOP_ANALYSIS = YES;
				CLANG_WARN_STRICT_PROTOTYPES = YES;
				CLANG_WARN_SUSPICIOUS_MOVE = YES;
				CLANG_WARN_UNGUARDED_AVAILABILITY = YES_AGGRESSIVE;
				CLANG_WARN_UNREACHABLE_CODE = YES;
				CLANG_WARN__DUPLICATE_METHOD_MATCH = YES;
				CODE_SIGN_IDENTITY = "iPhone Developer";
				COPY_PHASE_STRIP = NO;
				DEBUG_INFORMATION_FORMAT = "dwarf-with-dsym";
				ENABLE_NS_ASSERTIONS = NO;
				ENABLE_STRICT_OBJC_MSGSEND = YES;
				GCC_C_LANGUAGE_STANDARD = gnu11;
				GCC_NO_COMMON_BLOCKS = YES;
				GCC_WARN_64_TO_32_BIT_CONVERSION = YES;
				GCC_WARN_ABOUT_RETURN_TYPE = YES_ERROR;
				GCC_WARN_UNDECLARED_SELECTOR = YES;
				GCC_WARN_UNINITIALIZED_AUTOS = YES_AGGRESSIVE;
				GCC_WARN_UNUSED_FUNCTION = YES;
				GCC_WARN_UNUSED_VARIABLE = YES;
				IPHONEOS_DEPLOYMENT_TARGET = 11.4;
				MTL_ENABLE_DEBUG_INFO = NO;
				SDKROOT = iphoneos;
				VALIDATE_PRODUCT = YES;
			};
			name = Release;
		};
		7A9A72552118788600FFE2B0 /* Debug */ = {
			isa = XCBuildConfiguration;
			baseConfigurationReference = AB8DB2F3CF17A4877AB027BC /* Pods-003---粘包拆包.debug.xcconfig */;
			buildSettings = {
				ASSETCATALOG_COMPILER_APPICON_NAME = AppIcon;
				CODE_SIGN_IDENTITY = "Apple Development";
				CODE_SIGN_STYLE = Automatic;
				DEVELOPMENT_TEAM = Q8B5XV6KJQ;
				INFOPLIST_FILE = "003---粘包拆包/Info.plist";
				LD_RUNPATH_SEARCH_PATHS = (
					"$(inherited)",
					"@executable_path/Frameworks",
				);
				PRODUCT_BUNDLE_IDENTIFIER = com.lgcooci.cn;
				PRODUCT_NAME = "$(TARGET_NAME)";
				PROVISIONING_PROFILE_SPECIFIER = "";
				TARGETED_DEVICE_FAMILY = "1,2";
			};
			name = Debug;
		};
		7A9A72562118788600FFE2B0 /* Release */ = {
			isa = XCBuildConfiguration;
			baseConfigurationReference = C0521CC189E72F1E4C7DA126 /* Pods-003---粘包拆包.release.xcconfig */;
			buildSettings = {
				ASSETCATALOG_COMPILER_APPICON_NAME = AppIcon;
				CODE_SIGN_IDENTITY = "Apple Development";
				CODE_SIGN_STYLE = Automatic;
				DEVELOPMENT_TEAM = "";
				INFOPLIST_FILE = "003---粘包拆包/Info.plist";
				LD_RUNPATH_SEARCH_PATHS = (
					"$(inherited)",
					"@executable_path/Frameworks",
				);
				PRODUCT_BUNDLE_IDENTIFIER = com.lgcooci.cn;
				PRODUCT_NAME = "$(TARGET_NAME)";
				PROVISIONING_PROFILE_SPECIFIER = "";
				TARGETED_DEVICE_FAMILY = "1,2";
			};
			name = Release;
		};
/* End XCBuildConfiguration section */

/* Begin XCConfigurationList section */
		7A9A72392118788200FFE2B0 /* Build configuration list for PBXProject "003---粘包拆包" */ = {
			isa = XCConfigurationList;
			buildConfigurations = (
				7A9A72522118788600FFE2B0 /* Debug */,
				7A9A72532118788600FFE2B0 /* Release */,
			);
			defaultConfigurationIsVisible = 0;
			defaultConfigurationName = Release;
		};
		7A9A72542118788600FFE2B0 /* Build configuration list for PBXNativeTarget "003---粘包拆包" */ = {
			isa = XCConfigurationList;
			buildConfigurations = (
				7A9A72552118788600FFE2B0 /* Debug */,
				7A9A72562118788600FFE2B0 /* Release */,
			);
			defaultConfigurationIsVisible = 0;
			defaultConfigurationName = Release;
		};
/* End XCConfigurationList section */
	};
	rootObject = 7A9A72362118788200FFE2B0 /* Project object */;
}
